{
  "version": 4,
  "terraform_version": "0.12.13",
  "serial": 799,
  "lineage": "d42e657e-da17-1a85-7bde-0900a1137889",
  "outputs": {},
  "resources": [
    {
      "mode": "managed",
      "type": "kubernetes_namespace",
      "name": "minikube-namespace-1",
      "provider": "provider.kubernetes",
      "instances": [
        {
          "schema_version": 0,
          "attributes": {
            "id": "dev",
            "metadata": [
              {
                "annotations": {},
                "generate_name": "",
                "generation": 0,
                "labels": {},
                "name": "dev",
                "resource_version": "2607",
                "self_link": "/api/v1/namespaces/dev",
                "uid": "5370d4fd-c089-4adf-97b9-4e488497b9d7"
              }
            ],
            "timeouts": null
          },
          "private": "eyJlMmJmYjczMC1lY2FhLTExZTYtOGY4OC0zNDM2M2JjN2M0YzAiOnsiZGVsZXRlIjozMDAwMDAwMDAwMDB9fQ=="
        }
      ]
    },
    {
      "mode": "managed",
      "type": "kubernetes_namespace",
      "name": "minikube-namespace-2",
      "provider": "provider.kubernetes",
      "instances": [
        {
          "schema_version": 0,
          "attributes": {
            "id": "build",
            "metadata": [
              {
                "annotations": {},
                "generate_name": "",
                "generation": 0,
                "labels": {},
                "name": "build",
                "resource_version": "2606",
                "self_link": "/api/v1/namespaces/build",
                "uid": "457fa2ed-f009-40b7-a79c-1670b8d6d193"
              }
            ],
            "timeouts": null
          },
          "private": "eyJlMmJmYjczMC1lY2FhLTExZTYtOGY4OC0zNDM2M2JjN2M0YzAiOnsiZGVsZXRlIjozMDAwMDAwMDAwMDB9fQ=="
        }
      ]
    },
    {
      "mode": "managed",
      "type": "kubernetes_namespace",
      "name": "minikube-namespace-3",
      "provider": "provider.kubernetes",
      "instances": [
        {
          "schema_version": 0,
          "attributes": {
            "id": "test",
            "metadata": [
              {
                "annotations": {},
                "generate_name": "",
                "generation": 0,
                "labels": {},
                "name": "test",
                "resource_version": "2602",
                "self_link": "/api/v1/namespaces/test",
                "uid": "d312cefb-add1-4557-9a23-5f62931f98ea"
              }
            ],
            "timeouts": null
          },
          "private": "eyJlMmJmYjczMC1lY2FhLTExZTYtOGY4OC0zNDM2M2JjN2M0YzAiOnsiZGVsZXRlIjozMDAwMDAwMDAwMDB9fQ=="
        }
      ]
    },
    {
      "mode": "managed",
      "type": "kubernetes_persistent_volume",
      "name": "pv-jenkins",
      "provider": "provider.kubernetes",
      "instances": [
        {
          "schema_version": 0,
          "attributes": {
            "id": "pv-jenkins",
            "metadata": [
              {
                "annotations": {},
                "generation": 0,
                "labels": {},
                "name": "pv-jenkins",
                "resource_version": "2645",
                "self_link": "/api/v1/persistentvolumes/pv-jenkins",
                "uid": "be4f4fd0-6c47-43fc-b5f8-35a4a72fd6c8"
              }
            ],
            "spec": [
              {
                "access_modes": [
                  "ReadWriteMany"
                ],
                "capacity": {
                  "storage": "10Gi"
                },
                "mount_options": [],
                "node_affinity": [],
                "persistent_volume_reclaim_policy": "Retain",
                "persistent_volume_source": [
                  {
                    "aws_elastic_block_store": [],
                    "azure_disk": [],
                    "azure_file": [],
                    "ceph_fs": [],
                    "cinder": [],
                    "csi": [],
                    "fc": [],
                    "flex_volume": [],
                    "flocker": [],
                    "gce_persistent_disk": [],
                    "glusterfs": [],
                    "host_path": [
                      {
                        "path": "/data/jenkins-volume/",
                        "type": "DirectoryOrCreate"
                      }
                    ],
                    "iscsi": [],
                    "local": [],
                    "nfs": [],
                    "photon_persistent_disk": [],
                    "quobyte": [],
                    "rbd": [],
                    "vsphere_volume": []
                  }
                ],
                "storage_class_name": "manual"
              }
            ],
            "timeouts": null
          },
          "private": "eyJlMmJmYjczMC1lY2FhLTExZTYtOGY4OC0zNDM2M2JjN2M0YzAiOnsiY3JlYXRlIjozMDAwMDAwMDAwMDB9fQ=="
        }
      ]
    },
    {
      "mode": "managed",
      "type": "kubernetes_persistent_volume",
      "name": "pv-mysql",
      "provider": "provider.kubernetes",
      "instances": [
        {
          "schema_version": 0,
          "attributes": {
            "id": "pv-mysql",
            "metadata": [
              {
                "annotations": {},
                "generation": 0,
                "labels": {},
                "name": "pv-mysql",
                "resource_version": "2651",
                "self_link": "/api/v1/persistentvolumes/pv-mysql",
                "uid": "b94c4ef3-d6ff-44bf-9fcd-dacb41337e5a"
              }
            ],
            "spec": [
              {
                "access_modes": [
                  "ReadWriteMany"
                ],
                "capacity": {
                  "storage": "10Gi"
                },
                "mount_options": [],
                "node_affinity": [],
                "persistent_volume_reclaim_policy": "Retain",
                "persistent_volume_source": [
                  {
                    "aws_elastic_block_store": [],
                    "azure_disk": [],
                    "azure_file": [],
                    "ceph_fs": [],
                    "cinder": [],
                    "csi": [],
                    "fc": [],
                    "flex_volume": [],
                    "flocker": [],
                    "gce_persistent_disk": [],
                    "glusterfs": [],
                    "host_path": [
                      {
                        "path": "/data/mysql-volume/",
                        "type": "DirectoryOrCreate"
                      }
                    ],
                    "iscsi": [],
                    "local": [],
                    "nfs": [],
                    "photon_persistent_disk": [],
                    "quobyte": [],
                    "rbd": [],
                    "vsphere_volume": []
                  }
                ],
                "storage_class_name": "manual"
              }
            ],
            "timeouts": null
          },
          "private": "eyJlMmJmYjczMC1lY2FhLTExZTYtOGY4OC0zNDM2M2JjN2M0YzAiOnsiY3JlYXRlIjozMDAwMDAwMDAwMDB9fQ=="
        }
      ]
    },
    {
      "mode": "managed",
      "type": "kubernetes_persistent_volume",
      "name": "pv-mysql-2",
      "provider": "provider.kubernetes",
      "instances": [
        {
          "schema_version": 0,
          "attributes": {
            "id": "pv-mysql-2",
            "metadata": [
              {
                "annotations": {},
                "generation": 0,
                "labels": {},
                "name": "pv-mysql-2",
                "resource_version": "2649",
                "self_link": "/api/v1/persistentvolumes/pv-mysql-2",
                "uid": "7b2c9dca-bf5e-4045-8c05-b4a449f3c2e9"
              }
            ],
            "spec": [
              {
                "access_modes": [
                  "ReadWriteMany"
                ],
                "capacity": {
                  "storage": "10Gi"
                },
                "mount_options": [],
                "node_affinity": [],
                "persistent_volume_reclaim_policy": "Retain",
                "persistent_volume_source": [
                  {
                    "aws_elastic_block_store": [],
                    "azure_disk": [],
                    "azure_file": [],
                    "ceph_fs": [],
                    "cinder": [],
                    "csi": [],
                    "fc": [],
                    "flex_volume": [],
                    "flocker": [],
                    "gce_persistent_disk": [],
                    "glusterfs": [],
                    "host_path": [
                      {
                        "path": "/data/mysql-volume-2/",
                        "type": "DirectoryOrCreate"
                      }
                    ],
                    "iscsi": [],
                    "local": [],
                    "nfs": [],
                    "photon_persistent_disk": [],
                    "quobyte": [],
                    "rbd": [],
                    "vsphere_volume": []
                  }
                ],
                "storage_class_name": "manual"
              }
            ],
            "timeouts": null
          },
          "private": "eyJlMmJmYjczMC1lY2FhLTExZTYtOGY4OC0zNDM2M2JjN2M0YzAiOnsiY3JlYXRlIjozMDAwMDAwMDAwMDB9fQ=="
        }
      ]
    },
    {
      "mode": "managed",
      "type": "kubernetes_persistent_volume",
      "name": "pv-nexus",
      "provider": "provider.kubernetes",
      "instances": [
        {
          "schema_version": 0,
          "attributes": {
            "id": "pv-nexus",
            "metadata": [
              {
                "annotations": {},
                "generation": 0,
                "labels": {},
                "name": "pv-nexus",
                "resource_version": "2641",
                "self_link": "/api/v1/persistentvolumes/pv-nexus",
                "uid": "9e5335f6-1ad0-44d2-85e0-f6cff44c7bc7"
              }
            ],
            "spec": [
              {
                "access_modes": [
                  "ReadWriteMany"
                ],
                "capacity": {
                  "storage": "10Gi"
                },
                "mount_options": [],
                "node_affinity": [],
                "persistent_volume_reclaim_policy": "Retain",
                "persistent_volume_source": [
                  {
                    "aws_elastic_block_store": [],
                    "azure_disk": [],
                    "azure_file": [],
                    "ceph_fs": [],
                    "cinder": [],
                    "csi": [],
                    "fc": [],
                    "flex_volume": [],
                    "flocker": [],
                    "gce_persistent_disk": [],
                    "glusterfs": [],
                    "host_path": [
                      {
                        "path": "/data/nexus-volume/",
                        "type": "DirectoryOrCreate"
                      }
                    ],
                    "iscsi": [],
                    "local": [],
                    "nfs": [],
                    "photon_persistent_disk": [],
                    "quobyte": [],
                    "rbd": [],
                    "vsphere_volume": []
                  }
                ],
                "storage_class_name": "manual"
              }
            ],
            "timeouts": null
          },
          "private": "eyJlMmJmYjczMC1lY2FhLTExZTYtOGY4OC0zNDM2M2JjN2M0YzAiOnsiY3JlYXRlIjozMDAwMDAwMDAwMDB9fQ=="
        }
      ]
    },
    {
      "mode": "managed",
      "type": "kubernetes_persistent_volume_claim",
      "name": "pvc-jenkins",
      "provider": "provider.kubernetes",
      "instances": [
        {
          "schema_version": 0,
          "attributes": {
            "id": "build/pvc-jenkins",
            "metadata": [
              {
                "annotations": {},
                "generate_name": "",
                "generation": 0,
                "labels": {},
                "name": "pvc-jenkins",
                "namespace": "build",
                "resource_version": "2660",
                "self_link": "/api/v1/namespaces/build/persistentvolumeclaims/pvc-jenkins",
                "uid": "3456048c-c3f5-41fe-bb70-28904202741f"
              }
            ],
            "spec": [
              {
                "access_modes": [
                  "ReadWriteMany"
                ],
                "resources": [
                  {
                    "limits": {},
                    "requests": {
                      "storage": "5Gi"
                    }
                  }
                ],
                "selector": [],
                "storage_class_name": "manual",
                "volume_name": "pv-jenkins"
              }
            ],
            "timeouts": null,
            "wait_until_bound": true
          },
          "private": "eyJlMmJmYjczMC1lY2FhLTExZTYtOGY4OC0zNDM2M2JjN2M0YzAiOnsiY3JlYXRlIjozMDAwMDAwMDAwMDB9fQ==",
          "depends_on": [
            "kubernetes_persistent_volume.pv-jenkins"
          ]
        }
      ]
    },
    {
      "mode": "managed",
      "type": "kubernetes_persistent_volume_claim",
      "name": "pvc-mysql",
      "provider": "provider.kubernetes",
      "instances": [
        {
          "schema_version": 0,
          "attributes": {
            "id": "test/pvc-mysql",
            "metadata": [
              {
                "annotations": {},
                "generate_name": "",
                "generation": 0,
                "labels": {},
                "name": "pvc-mysql",
                "namespace": "test",
                "resource_version": "2653",
                "self_link": "/api/v1/namespaces/test/persistentvolumeclaims/pvc-mysql",
                "uid": "0a0e3d02-1786-4b75-87c3-b8b7b3eedad0"
              }
            ],
            "spec": [
              {
                "access_modes": [
                  "ReadWriteMany"
                ],
                "resources": [
                  {
                    "limits": {},
                    "requests": {
                      "storage": "5Gi"
                    }
                  }
                ],
                "selector": [],
                "storage_class_name": "manual",
                "volume_name": "pv-mysql"
              }
            ],
            "timeouts": null,
            "wait_until_bound": true
          },
          "private": "eyJlMmJmYjczMC1lY2FhLTExZTYtOGY4OC0zNDM2M2JjN2M0YzAiOnsiY3JlYXRlIjozMDAwMDAwMDAwMDB9fQ==",
          "depends_on": [
            "kubernetes_persistent_volume.pv-mysql"
          ]
        }
      ]
    },
    {
      "mode": "managed",
      "type": "kubernetes_persistent_volume_claim",
      "name": "pvc-mysql-2",
      "provider": "provider.kubernetes",
      "instances": [
        {
          "schema_version": 0,
          "attributes": {
            "id": "dev/pvc-mysql-2",
            "metadata": [
              {
                "annotations": {},
                "generate_name": "",
                "generation": 0,
                "labels": {},
                "name": "pvc-mysql-2",
                "namespace": "dev",
                "resource_version": "2662",
                "self_link": "/api/v1/namespaces/dev/persistentvolumeclaims/pvc-mysql-2",
                "uid": "ecf68cf5-16dc-4621-ba4b-a5278d6b3f31"
              }
            ],
            "spec": [
              {
                "access_modes": [
                  "ReadWriteMany"
                ],
                "resources": [
                  {
                    "limits": {},
                    "requests": {
                      "storage": "5Gi"
                    }
                  }
                ],
                "selector": [],
                "storage_class_name": "manual",
                "volume_name": "pv-mysql-2"
              }
            ],
            "timeouts": null,
            "wait_until_bound": true
          },
          "private": "eyJlMmJmYjczMC1lY2FhLTExZTYtOGY4OC0zNDM2M2JjN2M0YzAiOnsiY3JlYXRlIjozMDAwMDAwMDAwMDB9fQ==",
          "depends_on": [
            "kubernetes_persistent_volume.pv-mysql-2"
          ]
        }
      ]
    },
    {
      "mode": "managed",
      "type": "kubernetes_persistent_volume_claim",
      "name": "pvc-nexus",
      "provider": "provider.kubernetes",
      "instances": [
        {
          "schema_version": 0,
          "attributes": {
            "id": "build/pvc-nexus",
            "metadata": [
              {
                "annotations": {},
                "generate_name": "",
                "generation": 0,
                "labels": {},
                "name": "pvc-nexus",
                "namespace": "build",
                "resource_version": "2658",
                "self_link": "/api/v1/namespaces/build/persistentvolumeclaims/pvc-nexus",
                "uid": "b5aac8b7-8507-41bc-8b15-85a7821cc490"
              }
            ],
            "spec": [
              {
                "access_modes": [
                  "ReadWriteMany"
                ],
                "resources": [
                  {
                    "limits": {},
                    "requests": {
                      "storage": "5Gi"
                    }
                  }
                ],
                "selector": [],
                "storage_class_name": "manual",
                "volume_name": "pv-nexus"
              }
            ],
            "timeouts": null,
            "wait_until_bound": true
          },
          "private": "eyJlMmJmYjczMC1lY2FhLTExZTYtOGY4OC0zNDM2M2JjN2M0YzAiOnsiY3JlYXRlIjozMDAwMDAwMDAwMDB9fQ==",
          "depends_on": [
            "kubernetes_persistent_volume.pv-nexus"
          ]
        }
      ]
    },
    {
      "mode": "managed",
      "type": "kubernetes_pod",
      "name": "jenkins",
      "provider": "provider.kubernetes",
      "instances": [
        {
          "schema_version": 0,
          "attributes": {
            "id": "build/jenkins-example",
            "metadata": [
              {
                "annotations": null,
                "generate_name": "",
                "generation": 0,
                "labels": {
                  "app": "jenkins-server"
                },
                "name": "jenkins-example",
                "namespace": "build",
                "resource_version": "24465",
                "self_link": "/api/v1/namespaces/build/pods/jenkins-example",
                "uid": "8ba2cad9-bc76-47cb-bd93-916cfb37f40d"
              }
            ],
            "spec": [
              {
                "active_deadline_seconds": 0,
                "affinity": [],
                "automount_service_account_token": true,
                "container": [
                  {
                    "args": null,
                    "command": null,
                    "env": [],
                    "env_from": [],
                    "image": "samargooda/installansible",
                    "image_pull_policy": "Always",
                    "lifecycle": [],
                    "liveness_probe": [],
                    "name": "jenkins",
                    "port": [
                      {
                        "container_port": 8080,
                        "host_ip": "",
                        "host_port": 0,
                        "name": "",
                        "protocol": "TCP"
                      }
                    ],
                    "readiness_probe": [],
                    "resources": [
                      {
                        "limits": null,
                        "requests": null
                      }
                    ],
                    "security_context": [],
                    "startup_probe": [],
                    "stdin": false,
                    "stdin_once": false,
                    "termination_message_path": "/dev/termination-log",
                    "tty": false,
                    "volume_mount": [
                      {
                        "mount_path": "/var/jenkins_home",
                        "mount_propagation": "None",
                        "name": "jenkins-home",
                        "read_only": false,
                        "sub_path": ""
                      },
                      {
                        "mount_path": "/var/kubectl",
                        "mount_propagation": "None",
                        "name": "kubectl",
                        "read_only": false,
                        "sub_path": ""
                      },
                      {
                        "mount_path": "/usr/bin/docker",
                        "mount_propagation": "None",
                        "name": "docker",
                        "read_only": false,
                        "sub_path": ""
                      },
                      {
                        "mount_path": "/var/run/docker.sock",
                        "mount_propagation": "None",
                        "name": "dockersock",
                        "read_only": false,
                        "sub_path": ""
                      },
                      {
                        "mount_path": "/var/run/secrets/kubernetes.io/serviceaccount",
                        "mount_propagation": "",
                        "name": "jenkins-token-kxmxv",
                        "read_only": true,
                        "sub_path": ""
                      }
                    ],
                    "working_dir": ""
                  }
                ],
                "dns_config": [],
                "dns_policy": "ClusterFirst",
                "host_aliases": [],
                "host_ipc": false,
                "host_network": false,
                "host_pid": false,
                "hostname": "",
                "image_pull_secrets": [],
                "init_container": [
                  {
                    "args": null,
                    "command": [
                      "cp",
                      "/usr/local/bin/kubectl",
                      "/data/kubectl"
                    ],
                    "env": [],
                    "env_from": [],
                    "image": "eslamkarim/jenkins-ansible-kubectl",
                    "image_pull_policy": "Always",
                    "lifecycle": [],
                    "liveness_probe": [],
                    "name": "install-kubectl",
                    "port": [],
                    "readiness_probe": [],
                    "resources": [
                      {
                        "limits": null,
                        "requests": null
                      }
                    ],
                    "security_context": [],
                    "startup_probe": [],
                    "stdin": false,
                    "stdin_once": false,
                    "termination_message_path": "/dev/termination-log",
                    "tty": false,
                    "volume_mount": [
                      {
                        "mount_path": "/data/kubectl",
                        "mount_propagation": "None",
                        "name": "kubectl",
                        "read_only": false,
                        "sub_path": ""
                      },
                      {
                        "mount_path": "/var/run/secrets/kubernetes.io/serviceaccount",
                        "mount_propagation": "",
                        "name": "jenkins-token-kxmxv",
                        "read_only": true,
                        "sub_path": ""
                      }
                    ],
                    "working_dir": ""
                  }
                ],
                "node_name": "m01",
                "node_selector": null,
                "priority_class_name": "",
                "restart_policy": "Always",
                "security_context": [
                  {
                    "fs_group": 1000,
                    "run_as_group": 0,
                    "run_as_non_root": false,
                    "run_as_user": 0,
                    "se_linux_options": [],
                    "supplemental_groups": null
                  }
                ],
                "service_account_name": "jenkins",
                "share_process_namespace": false,
                "subdomain": "",
                "termination_grace_period_seconds": 30,
                "toleration": [],
                "volume": [
                  {
                    "aws_elastic_block_store": [],
                    "azure_disk": [],
                    "azure_file": [],
                    "ceph_fs": [],
                    "cinder": [],
                    "config_map": [],
                    "csi": [],
                    "downward_api": [],
                    "empty_dir": [],
                    "fc": [],
                    "flex_volume": [],
                    "flocker": [],
                    "gce_persistent_disk": [],
                    "git_repo": [],
                    "glusterfs": [],
                    "host_path": [],
                    "iscsi": [],
                    "local": [],
                    "name": "jenkins-home",
                    "nfs": [],
                    "persistent_volume_claim": [
                      {
                        "claim_name": "pvc-jenkins",
                        "read_only": false
                      }
                    ],
                    "photon_persistent_disk": [],
                    "quobyte": [],
                    "rbd": [],
                    "secret": [],
                    "vsphere_volume": []
                  },
                  {
                    "aws_elastic_block_store": [],
                    "azure_disk": [],
                    "azure_file": [],
                    "ceph_fs": [],
                    "cinder": [],
                    "config_map": [],
                    "csi": [],
                    "downward_api": [],
                    "empty_dir": [
                      {
                        "medium": ""
                      }
                    ],
                    "fc": [],
                    "flex_volume": [],
                    "flocker": [],
                    "gce_persistent_disk": [],
                    "git_repo": [],
                    "glusterfs": [],
                    "host_path": [],
                    "iscsi": [],
                    "local": [],
                    "name": "kubectl",
                    "nfs": [],
                    "persistent_volume_claim": [],
                    "photon_persistent_disk": [],
                    "quobyte": [],
                    "rbd": [],
                    "secret": [],
                    "vsphere_volume": []
                  },
                  {
                    "aws_elastic_block_store": [],
                    "azure_disk": [],
                    "azure_file": [],
                    "ceph_fs": [],
                    "cinder": [],
                    "config_map": [],
                    "csi": [],
                    "downward_api": [],
                    "empty_dir": [],
                    "fc": [],
                    "flex_volume": [],
                    "flocker": [],
                    "gce_persistent_disk": [],
                    "git_repo": [],
                    "glusterfs": [],
                    "host_path": [
                      {
                        "path": "/usr/bin/docker",
                        "type": ""
                      }
                    ],
                    "iscsi": [],
                    "local": [],
                    "name": "docker",
                    "nfs": [],
                    "persistent_volume_claim": [],
                    "photon_persistent_disk": [],
                    "quobyte": [],
                    "rbd": [],
                    "secret": [],
                    "vsphere_volume": []
                  },
                  {
                    "aws_elastic_block_store": [],
                    "azure_disk": [],
                    "azure_file": [],
                    "ceph_fs": [],
                    "cinder": [],
                    "config_map": [],
                    "csi": [],
                    "downward_api": [],
                    "empty_dir": [],
                    "fc": [],
                    "flex_volume": [],
                    "flocker": [],
                    "gce_persistent_disk": [],
                    "git_repo": [],
                    "glusterfs": [],
                    "host_path": [
                      {
                        "path": "/var/run/docker.sock",
                        "type": ""
                      }
                    ],
                    "iscsi": [],
                    "local": [],
                    "name": "dockersock",
                    "nfs": [],
                    "persistent_volume_claim": [],
                    "photon_persistent_disk": [],
                    "quobyte": [],
                    "rbd": [],
                    "secret": [],
                    "vsphere_volume": []
                  },
                  {
                    "aws_elastic_block_store": [],
                    "azure_disk": [],
                    "azure_file": [],
                    "ceph_fs": [],
                    "cinder": [],
                    "config_map": [],
                    "csi": [],
                    "downward_api": [],
                    "empty_dir": [],
                    "fc": [],
                    "flex_volume": [],
                    "flocker": [],
                    "gce_persistent_disk": [],
                    "git_repo": [],
                    "glusterfs": [],
                    "host_path": [],
                    "iscsi": [],
                    "local": [],
                    "name": "jenkins-token-kxmxv",
                    "nfs": [],
                    "persistent_volume_claim": [],
                    "photon_persistent_disk": [],
                    "quobyte": [],
                    "rbd": [],
                    "secret": [
                      {
                        "default_mode": "0644",
                        "items": [],
                        "optional": false,
                        "secret_name": "jenkins-token-kxmxv"
                      }
                    ],
                    "vsphere_volume": []
                  }
                ]
              }
            ],
            "timeouts": null
          },
          "private": "eyJlMmJmYjczMC1lY2FhLTExZTYtOGY4OC0zNDM2M2JjN2M0YzAiOnsiY3JlYXRlIjozMDAwMDAwMDAwMDAsImRlbGV0ZSI6MzAwMDAwMDAwMDAwfX0="
        }
      ]
    },
    {
      "mode": "managed",
      "type": "kubernetes_pod",
      "name": "mysql",
      "provider": "provider.kubernetes",
      "instances": [
        {
          "schema_version": 0,
          "attributes": {
            "id": "test/mysql-example",
            "metadata": [
              {
                "annotations": {},
                "generate_name": "",
                "generation": 0,
                "labels": {
                  "app": "test-server"
                },
                "name": "mysql-example",
                "namespace": "test",
                "resource_version": "12516",
                "self_link": "/api/v1/namespaces/test/pods/mysql-example",
                "uid": "530ba924-6121-4a53-8e3e-c5e0e99e524c"
              }
            ],
            "spec": [
              {
                "active_deadline_seconds": 0,
                "affinity": [],
                "automount_service_account_token": false,
                "container": [
                  {
                    "args": [],
                    "command": [],
                    "env": [
                      {
                        "name": "MYSQL_ROOT_PASSWORD",
                        "value": "admin",
                        "value_from": []
                      },
                      {
                        "name": "MYSQL_DATABASE",
                        "value": "admin",
                        "value_from": []
                      },
                      {
                        "name": "MYSQL_USER",
                        "value": "admin",
                        "value_from": []
                      },
                      {
                        "name": "MYSQL_PASSWORD",
                        "value": "admin",
                        "value_from": []
                      }
                    ],
                    "env_from": [],
                    "image": "mysql/mysql-server",
                    "image_pull_policy": "Always",
                    "lifecycle": [],
                    "liveness_probe": [],
                    "name": "mysql",
                    "port": [
                      {
                        "container_port": 3306,
                        "host_ip": "",
                        "host_port": 0,
                        "name": "",
                        "protocol": "TCP"
                      }
                    ],
                    "readiness_probe": [],
                    "resources": [
                      {
                        "limits": [],
                        "requests": []
                      }
                    ],
                    "security_context": [],
                    "startup_probe": [],
                    "stdin": false,
                    "stdin_once": false,
                    "termination_message_path": "/dev/termination-log",
                    "tty": false,
                    "volume_mount": [
                      {
                        "mount_path": "/var/lib/mysql",
                        "mount_propagation": "None",
                        "name": "mysql-home",
                        "read_only": false,
                        "sub_path": ""
                      }
                    ],
                    "working_dir": ""
                  }
                ],
                "dns_config": [],
                "dns_policy": "ClusterFirst",
                "host_aliases": [],
                "host_ipc": false,
                "host_network": false,
                "host_pid": false,
                "hostname": "",
                "image_pull_secrets": [],
                "init_container": [],
                "node_name": "m01",
                "node_selector": {},
                "priority_class_name": "",
                "restart_policy": "Always",
                "security_context": [],
                "service_account_name": "default",
                "share_process_namespace": false,
                "subdomain": "",
                "termination_grace_period_seconds": 30,
                "toleration": [],
                "volume": [
                  {
                    "aws_elastic_block_store": [],
                    "azure_disk": [],
                    "azure_file": [],
                    "ceph_fs": [],
                    "cinder": [],
                    "config_map": [],
                    "csi": [],
                    "downward_api": [],
                    "empty_dir": [],
                    "fc": [],
                    "flex_volume": [],
                    "flocker": [],
                    "gce_persistent_disk": [],
                    "git_repo": [],
                    "glusterfs": [],
                    "host_path": [],
                    "iscsi": [],
                    "local": [],
                    "name": "mysql-home",
                    "nfs": [],
                    "persistent_volume_claim": [
                      {
                        "claim_name": "pvc-mysql",
                        "read_only": false
                      }
                    ],
                    "photon_persistent_disk": [],
                    "quobyte": [],
                    "rbd": [],
                    "secret": [],
                    "vsphere_volume": []
                  }
                ]
              }
            ],
            "timeouts": null
          },
          "private": "eyJlMmJmYjczMC1lY2FhLTExZTYtOGY4OC0zNDM2M2JjN2M0YzAiOnsiY3JlYXRlIjozMDAwMDAwMDAwMDAsImRlbGV0ZSI6MzAwMDAwMDAwMDAwfX0="
        }
      ]
    },
    {
      "mode": "managed",
      "type": "kubernetes_pod",
      "name": "mysql-2",
      "provider": "provider.kubernetes",
      "instances": [
        {
          "schema_version": 0,
          "attributes": {
            "id": "dev/mysql-example-2",
            "metadata": [
              {
                "annotations": {},
                "generate_name": "",
                "generation": 0,
                "labels": {
                  "app": "test-server"
                },
                "name": "mysql-example-2",
                "namespace": "dev",
                "resource_version": "12468",
                "self_link": "/api/v1/namespaces/dev/pods/mysql-example-2",
                "uid": "82b00750-821f-49c7-a6fd-a4a76c37adee"
              }
            ],
            "spec": [
              {
                "active_deadline_seconds": 0,
                "affinity": [],
                "automount_service_account_token": false,
                "container": [
                  {
                    "args": [],
                    "command": [],
                    "env": [
                      {
                        "name": "MYSQL_ROOT_PASSWORD",
                        "value": "admin",
                        "value_from": []
                      },
                      {
                        "name": "MYSQL_DATABASE",
                        "value": "admin",
                        "value_from": []
                      },
                      {
                        "name": "MYSQL_USER",
                        "value": "admin",
                        "value_from": []
                      },
                      {
                        "name": "MYSQL_PASSWORD",
                        "value": "admin",
                        "value_from": []
                      }
                    ],
                    "env_from": [],
                    "image": "mysql/mysql-server",
                    "image_pull_policy": "Always",
                    "lifecycle": [],
                    "liveness_probe": [],
                    "name": "mysql",
                    "port": [
                      {
                        "container_port": 3306,
                        "host_ip": "",
                        "host_port": 0,
                        "name": "",
                        "protocol": "TCP"
                      }
                    ],
                    "readiness_probe": [],
                    "resources": [
                      {
                        "limits": [],
                        "requests": []
                      }
                    ],
                    "security_context": [],
                    "startup_probe": [],
                    "stdin": false,
                    "stdin_once": false,
                    "termination_message_path": "/dev/termination-log",
                    "tty": false,
                    "volume_mount": [
                      {
                        "mount_path": "/var/lib/mysql2",
                        "mount_propagation": "None",
                        "name": "mysql-2-home",
                        "read_only": false,
                        "sub_path": ""
                      }
                    ],
                    "working_dir": ""
                  }
                ],
                "dns_config": [],
                "dns_policy": "ClusterFirst",
                "host_aliases": [],
                "host_ipc": false,
                "host_network": false,
                "host_pid": false,
                "hostname": "",
                "image_pull_secrets": [],
                "init_container": [],
                "node_name": "m01",
                "node_selector": {},
                "priority_class_name": "",
                "restart_policy": "Always",
                "security_context": [],
                "service_account_name": "default",
                "share_process_namespace": false,
                "subdomain": "",
                "termination_grace_period_seconds": 30,
                "toleration": [],
                "volume": [
                  {
                    "aws_elastic_block_store": [],
                    "azure_disk": [],
                    "azure_file": [],
                    "ceph_fs": [],
                    "cinder": [],
                    "config_map": [],
                    "csi": [],
                    "downward_api": [],
                    "empty_dir": [],
                    "fc": [],
                    "flex_volume": [],
                    "flocker": [],
                    "gce_persistent_disk": [],
                    "git_repo": [],
                    "glusterfs": [],
                    "host_path": [],
                    "iscsi": [],
                    "local": [],
                    "name": "mysql-2-home",
                    "nfs": [],
                    "persistent_volume_claim": [
                      {
                        "claim_name": "pvc-mysql-2",
                        "read_only": false
                      }
                    ],
                    "photon_persistent_disk": [],
                    "quobyte": [],
                    "rbd": [],
                    "secret": [],
                    "vsphere_volume": []
                  }
                ]
              }
            ],
            "timeouts": null
          },
          "private": "eyJlMmJmYjczMC1lY2FhLTExZTYtOGY4OC0zNDM2M2JjN2M0YzAiOnsiY3JlYXRlIjozMDAwMDAwMDAwMDAsImRlbGV0ZSI6MzAwMDAwMDAwMDAwfX0="
        }
      ]
    },
    {
      "mode": "managed",
      "type": "kubernetes_pod",
      "name": "nexus",
      "provider": "provider.kubernetes",
      "instances": [
        {
          "schema_version": 0,
          "attributes": {
            "id": "build/nexus-example",
            "metadata": [
              {
                "annotations": null,
                "generate_name": "",
                "generation": 0,
                "labels": {
                  "app": "nexus-server"
                },
                "name": "nexus-example",
                "namespace": "build",
                "resource_version": "24398",
                "self_link": "/api/v1/namespaces/build/pods/nexus-example",
                "uid": "9ca96a0b-a4c9-4756-b659-10151cb71b69"
              }
            ],
            "spec": [
              {
                "active_deadline_seconds": 0,
                "affinity": [],
                "automount_service_account_token": false,
                "container": [
                  {
                    "args": null,
                    "command": null,
                    "env": [],
                    "env_from": [],
                    "image": "sonatype/nexus3:3.26.1",
                    "image_pull_policy": "IfNotPresent",
                    "lifecycle": [],
                    "liveness_probe": [],
                    "name": "nexus",
                    "port": [
                      {
                        "container_port": 8081,
                        "host_ip": "",
                        "host_port": 0,
                        "name": "",
                        "protocol": "TCP"
                      },
                      {
                        "container_port": 8123,
                        "host_ip": "",
                        "host_port": 0,
                        "name": "",
                        "protocol": "TCP"
                      }
                    ],
                    "readiness_probe": [],
                    "resources": [
                      {
                        "limits": null,
                        "requests": null
                      }
                    ],
                    "security_context": [],
                    "startup_probe": [],
                    "stdin": false,
                    "stdin_once": false,
                    "termination_message_path": "/dev/termination-log",
                    "tty": false,
                    "volume_mount": [
                      {
                        "mount_path": "/nexus-data",
                        "mount_propagation": "None",
                        "name": "nexus-home",
                        "read_only": false,
                        "sub_path": ""
                      }
                    ],
                    "working_dir": ""
                  }
                ],
                "dns_config": [],
                "dns_policy": "ClusterFirst",
                "host_aliases": [],
                "host_ipc": false,
                "host_network": false,
                "host_pid": false,
                "hostname": "",
                "image_pull_secrets": [],
                "init_container": [],
                "node_name": "m01",
                "node_selector": null,
                "priority_class_name": "",
                "restart_policy": "Always",
                "security_context": [
                  {
                    "fs_group": 200,
                    "run_as_group": 0,
                    "run_as_non_root": false,
                    "run_as_user": 0,
                    "se_linux_options": [],
                    "supplemental_groups": null
                  }
                ],
                "service_account_name": "default",
                "share_process_namespace": false,
                "subdomain": "",
                "termination_grace_period_seconds": 30,
                "toleration": [],
                "volume": [
                  {
                    "aws_elastic_block_store": [],
                    "azure_disk": [],
                    "azure_file": [],
                    "ceph_fs": [],
                    "cinder": [],
                    "config_map": [],
                    "csi": [],
                    "downward_api": [],
                    "empty_dir": [],
                    "fc": [],
                    "flex_volume": [],
                    "flocker": [],
                    "gce_persistent_disk": [],
                    "git_repo": [],
                    "glusterfs": [],
                    "host_path": [],
                    "iscsi": [],
                    "local": [],
                    "name": "nexus-home",
                    "nfs": [],
                    "persistent_volume_claim": [
                      {
                        "claim_name": "pvc-nexus",
                        "read_only": false
                      }
                    ],
                    "photon_persistent_disk": [],
                    "quobyte": [],
                    "rbd": [],
                    "secret": [],
                    "vsphere_volume": []
                  }
                ]
              }
            ],
            "timeouts": null
          },
          "private": "eyJlMmJmYjczMC1lY2FhLTExZTYtOGY4OC0zNDM2M2JjN2M0YzAiOnsiY3JlYXRlIjozMDAwMDAwMDAwMDAsImRlbGV0ZSI6MzAwMDAwMDAwMDAwfX0="
        }
      ]
    },
    {
      "mode": "managed",
      "type": "kubernetes_role",
      "name": "role-1",
      "provider": "provider.kubernetes",
      "instances": [
        {
          "schema_version": 0,
          "attributes": {
            "id": "dev/dev-role",
            "metadata": [
              {
                "annotations": {},
                "generate_name": "",
                "generation": 0,
                "labels": {},
                "name": "dev-role",
                "namespace": "dev",
                "resource_version": "2635",
                "self_link": "/apis/rbac.authorization.k8s.io/v1/namespaces/dev/roles/dev-role",
                "uid": "d8eab547-08bb-4739-bb3f-f65fe07c69b0"
              }
            ],
            "rule": [
              {
                "api_groups": [
                  "*"
                ],
                "resource_names": [],
                "resources": [
                  "*"
                ],
                "verbs": [
                  "*"
                ]
              }
            ]
          },
          "private": "bnVsbA==",
          "depends_on": [
            "kubernetes_namespace.minikube-namespace-1"
          ]
        }
      ]
    },
    {
      "mode": "managed",
      "type": "kubernetes_role",
      "name": "role-2",
      "provider": "provider.kubernetes",
      "instances": [
        {
          "schema_version": 0,
          "attributes": {
            "id": "test/test-role",
            "metadata": [
              {
                "annotations": {},
                "generate_name": "",
                "generation": 0,
                "labels": {},
                "name": "test-role",
                "namespace": "test",
                "resource_version": "2633",
                "self_link": "/apis/rbac.authorization.k8s.io/v1/namespaces/test/roles/test-role",
                "uid": "04bc4714-1664-4727-930a-e75f1f5aa6dc"
              }
            ],
            "rule": [
              {
                "api_groups": [
                  "*"
                ],
                "resource_names": [],
                "resources": [
                  "*"
                ],
                "verbs": [
                  "*"
                ]
              }
            ]
          },
          "private": "bnVsbA==",
          "depends_on": [
            "kubernetes_namespace.minikube-namespace-3"
          ]
        }
      ]
    },
    {
      "mode": "managed",
      "type": "kubernetes_role_binding",
      "name": "dev-binding",
      "provider": "provider.kubernetes",
      "instances": [
        {
          "schema_version": 0,
          "attributes": {
            "id": "dev/role-binding-dev",
            "metadata": [
              {
                "annotations": {},
                "generation": 0,
                "labels": {},
                "name": "role-binding-dev",
                "namespace": "dev",
                "resource_version": "2611",
                "self_link": "/apis/rbac.authorization.k8s.io/v1/namespaces/dev/rolebindings/role-binding-dev",
                "uid": "86cbf5f9-e54b-45c6-a4e9-16a6d77dd8f6"
              }
            ],
            "role_ref": [
              {
                "api_group": "rbac.authorization.k8s.io",
                "kind": "Role",
                "name": "dev-role"
              }
            ],
            "subject": [
              {
                "api_group": "",
                "kind": "ServiceAccount",
                "name": "jenkins",
                "namespace": "build"
              }
            ]
          },
          "private": "bnVsbA=="
        }
      ]
    },
    {
      "mode": "managed",
      "type": "kubernetes_role_binding",
      "name": "test-binding",
      "provider": "provider.kubernetes",
      "instances": [
        {
          "schema_version": 0,
          "attributes": {
            "id": "test/role-binding-test",
            "metadata": [
              {
                "annotations": {},
                "generation": 0,
                "labels": {},
                "name": "role-binding-test",
                "namespace": "test",
                "resource_version": "2604",
                "self_link": "/apis/rbac.authorization.k8s.io/v1/namespaces/test/rolebindings/role-binding-test",
                "uid": "4f968744-a010-4f6f-ad13-94f3b86eba7a"
              }
            ],
            "role_ref": [
              {
                "api_group": "rbac.authorization.k8s.io",
                "kind": "Role",
                "name": "test-role"
              }
            ],
            "subject": [
              {
                "api_group": "",
                "kind": "ServiceAccount",
                "name": "jenkins",
                "namespace": "build"
              }
            ]
          },
          "private": "bnVsbA=="
        }
      ]
    },
    {
      "mode": "managed",
      "type": "kubernetes_service",
      "name": "jenkins-service",
      "provider": "provider.kubernetes",
      "instances": [
        {
          "schema_version": 0,
          "attributes": {
            "id": "build/jenkins-service",
            "load_balancer_ingress": [],
            "metadata": [
              {
                "annotations": {},
                "generate_name": "",
                "generation": 0,
                "labels": {},
                "name": "jenkins-service",
                "namespace": "build",
                "resource_version": "3808",
                "self_link": "/api/v1/namespaces/build/services/jenkins-service",
                "uid": "8fdffaad-ad73-4a0f-8ebd-5bedd5a063fd"
              }
            ],
            "spec": [
              {
                "cluster_ip": "10.110.243.137",
                "external_ips": [],
                "external_name": "",
                "external_traffic_policy": "Cluster",
                "load_balancer_ip": "",
                "load_balancer_source_ranges": [],
                "port": [
                  {
                    "name": "",
                    "node_port": 31000,
                    "port": 8080,
                    "protocol": "TCP",
                    "target_port": "8080"
                  }
                ],
                "publish_not_ready_addresses": false,
                "selector": {
                  "app": "jenkins-server"
                },
                "session_affinity": "None",
                "type": "NodePort"
              }
            ],
            "timeouts": null
          },
          "private": "eyJlMmJmYjczMC1lY2FhLTExZTYtOGY4OC0zNDM2M2JjN2M0YzAiOnsiY3JlYXRlIjo2MDAwMDAwMDAwMDB9fQ==",
          "depends_on": [
            "kubernetes_pod.jenkins"
          ]
        }
      ]
    },
    {
      "mode": "managed",
      "type": "kubernetes_service",
      "name": "nexus-service",
      "provider": "provider.kubernetes",
      "instances": [
        {
          "schema_version": 0,
          "attributes": {
            "id": "build/nexus-service",
            "load_balancer_ingress": [],
            "metadata": [
              {
                "annotations": {},
                "generate_name": "",
                "generation": 0,
                "labels": {},
                "name": "nexus-service",
                "namespace": "build",
                "resource_version": "6935",
                "self_link": "/api/v1/namespaces/build/services/nexus-service",
                "uid": "1c66b6af-abea-417d-a184-d275e285a719"
              }
            ],
            "spec": [
              {
                "cluster_ip": "10.105.233.131",
                "external_ips": [],
                "external_name": "",
                "external_traffic_policy": "Cluster",
                "load_balancer_ip": "",
                "load_balancer_source_ranges": [],
                "port": [
                  {
                    "name": "node-port",
                    "node_port": 32000,
                    "port": 8081,
                    "protocol": "TCP",
                    "target_port": "8081"
                  },
                  {
                    "name": "http-port",
                    "node_port": 30000,
                    "port": 8123,
                    "protocol": "TCP",
                    "target_port": "8123"
                  }
                ],
                "publish_not_ready_addresses": false,
                "selector": {
                  "app": "nexus-server"
                },
                "session_affinity": "None",
                "type": "NodePort"
              }
            ],
            "timeouts": null
          },
          "private": "eyJlMmJmYjczMC1lY2FhLTExZTYtOGY4OC0zNDM2M2JjN2M0YzAiOnsiY3JlYXRlIjo2MDAwMDAwMDAwMDB9fQ==",
          "depends_on": [
            "kubernetes_pod.nexus"
          ]
        }
      ]
    },
    {
      "mode": "managed",
      "type": "kubernetes_service_account",
      "name": "jenkins-account",
      "provider": "provider.kubernetes",
      "instances": [
        {
          "schema_version": 0,
          "attributes": {
            "automount_service_account_token": false,
            "default_secret_name": "jenkins-token-kxmxv",
            "id": "build/jenkins",
            "image_pull_secret": [],
            "metadata": [
              {
                "annotations": {},
                "generate_name": "",
                "generation": 0,
                "labels": {},
                "name": "jenkins",
                "namespace": "build",
                "resource_version": "2637",
                "self_link": "/api/v1/namespaces/build/serviceaccounts/jenkins",
                "uid": "71447138-cfe6-49c4-be55-0d15b447b539"
              }
            ],
            "secret": [],
            "timeouts": null
          },
          "private": "eyJlMmJmYjczMC1lY2FhLTExZTYtOGY4OC0zNDM2M2JjN2M0YzAiOnsiY3JlYXRlIjozMDAwMDAwMDAwMH19"
        }
      ]
    }
  ]
}
